{
  "name": "oceanic.js-interactions",
  "version": "0.0.5",
  "lockfileVersion": 3,
  "requires": true,
  "packages": {
    "": {
      "name": "oceanic.js-interactions",
      "version": "0.0.5",
      "license": "MIT",
      "dependencies": {
        "oceanic.js": "dev"
      },
      "devDependencies": {
        "typescript": "^5.0.2"
      }
    },
    "node_modules/@discordjs/voice": {
      "version": "0.15.0",
      "license": "Apache-2.0",
      "optional": true,
      "dependencies": {
        "@types/ws": "^8.5.4",
        "discord-api-types": "^0.37.35",
        "prism-media": "^1.3.5",
        "tslib": "^2.5.0",
        "ws": "^8.12.1"
      },
      "engines": {
        "node": ">=16.9.0"
      }
    },
    "node_modules/@types/node": {
      "version": "18.15.3",
      "license": "MIT",
      "optional": true
    },
    "node_modules/@types/ws": {
      "version": "8.5.4",
      "license": "MIT",
      "optional": true,
      "dependencies": {
        "@types/node": "*"
      }
    },
    "node_modules/busboy": {
      "version": "1.6.0",
      "dependencies": {
        "streamsearch": "^1.1.0"
      },
      "engines": {
        "node": ">=10.16.0"
      }
    },
    "node_modules/discord-api-types": {
      "version": "0.37.36",
      "license": "MIT",
      "optional": true
    },
    "node_modules/oceanic.js": {
      "version": "1.5.2-dev.474057e",
      "resolved": "https://registry.npmjs.org/oceanic.js/-/oceanic.js-1.5.2-dev.474057e.tgz",
      "integrity": "sha512-cMknSVtdLpTNeHQtrJITi3Q2MPlqCzfGJ1/WrvIfsT6HpL3Am+Gqi5zhEgilHgTJX+S4V5p+OfTzDCmDV7+91w==",
      "dependencies": {
        "undici": "^5.21.0",
        "ws": "^8.13.0"
      },
      "engines": {
        "node": ">=16.16.0"
      },
      "optionalDependencies": {
        "@discordjs/voice": "^0.15.0"
      }
    },
    "node_modules/prism-media": {
      "version": "1.3.5",
      "license": "Apache-2.0",
      "optional": true,
      "peerDependencies": {
        "@discordjs/opus": ">=0.8.0 <1.0.0",
        "ffmpeg-static": "^5.0.2 || ^4.2.7 || ^3.0.0 || ^2.4.0",
        "node-opus": "^0.3.3",
        "opusscript": "^0.0.8"
      },
      "peerDependenciesMeta": {
        "@discordjs/opus": {
          "optional": true
        },
        "ffmpeg-static": {
          "optional": true
        },
        "node-opus": {
          "optional": true
        },
        "opusscript": {
          "optional": true
        }
      }
    },
    "node_modules/streamsearch": {
      "version": "1.1.0",
      "engines": {
        "node": ">=10.0.0"
      }
    },
    "node_modules/tslib": {
      "version": "2.5.0",
      "license": "0BSD",
      "optional": true
    },
    "node_modules/typescript": {
      "version": "5.0.2",
      "dev": true,
      "license": "Apache-2.0",
      "bin": {
        "tsc": "bin/tsc",
        "tsserver": "bin/tsserver"
      },
      "engines": {
        "node": ">=12.20"
      }
    },
    "node_modules/undici": {
      "version": "5.21.0",
      "license": "MIT",
      "dependencies": {
        "busboy": "^1.6.0"
      },
      "engines": {
        "node": ">=12.18"
      }
    },
    "node_modules/ws": {
      "version": "8.13.0",
      "license": "MIT",
      "engines": {
        "node": ">=10.0.0"
      },
      "peerDependencies": {
        "bufferutil": "^4.0.1",
        "utf-8-validate": ">=5.0.2"
      },
      "peerDependenciesMeta": {
        "bufferutil": {
          "optional": true
        },
        "utf-8-validate": {
          "optional": true
        }
      }
    }
  }
}
